
Microsoft Visual Studio Solution File, Format Version 12.00
# Visual Studio 14
VisualStudioVersion = 14.0.25123.0
MinimumVisualStudioVersion = 10.0.40219.1
Project("{B04733B5-2911-474A-A4F7-7B2322367688}") = "Sitecore.Support.196782", "Sitecore.Support.196782\Sitecore.Support.196782.csproj", "{674BA162-0034-4AFF-BE2E-9D9C66D93E98}"
EndProject
Global
	GlobalSection(SolutionConfigurationPlatforms) = preSolution
		Debug|Any CPU = Debug|Any CPU
		Release|Any CPU = Release|Any CPU
	EndGlobalSection
	GlobalSection(ProjectConfigurationPlatforms) = postSolution
		{674BA162-0034-4AFF-BE2E-9D9C66D93E98}.Debug|Any CPU.ActiveCfg = Debug|Any CPU
		{674BA162-0034-4AFF-BE2E-9D9C66D93E98}.Debug|Any CPU.Build.0 = Debug|Any CPU
		{674BA162-0034-4AFF-BE2E-9D9C66D93E98}.Release|Any CPU.ActiveCfg = Release|Any CPU
		{674BA162-0034-4AFF-BE2E-9D9C66D93E98}.Release|Any CPU.Build.0 = Release|Any CPU
	EndGlobalSection
	GlobalSection(SolutionProperties) = preSolution
		HideSolutionNode = FALSE
	EndGlobalSection
EndGlobal
